
Microsoft Visual Studio Solution File, Format Version 12.00
# Visual Studio Version 16
VisualStudioVersion = 16.0.30717.126
MinimumVisualStudioVersion = 10.0.40219.1
Project("{9A19103F-16F7-4668-BE54-9A1E7A4F7556}") = "CSharpCorePFCursus", "CSharpCorePFCursus\CSharpCorePFCursus.csproj", "{B1C56593-25D3-44EE-8825-D889868C52EE}"
EndProject
Project("{FAE04EC0-301F-11D3-BF4B-00C04F79EFBC}") = "CSharpCorePFOefenmap", "CSharpCorePFOefenmap\CSharpCorePFOefenmap.csproj", "{804DA8C1-E467-4EF7-B676-0D54E9547CF6}"
EndProject
Global
	GlobalSection(SolutionConfigurationPlatforms) = preSolution
		Debug|Any CPU = Debug|Any CPU
		Release|Any CPU = Release|Any CPU
	EndGlobalSection
	GlobalSection(ProjectConfigurationPlatforms) = postSolution
		{B1C56593-25D3-44EE-8825-D889868C52EE}.Debug|Any CPU.ActiveCfg = Debug|Any CPU
		{B1C56593-25D3-44EE-8825-D889868C52EE}.Debug|Any CPU.Build.0 = Debug|Any CPU
		{B1C56593-25D3-44EE-8825-D889868C52EE}.Release|Any CPU.ActiveCfg = Release|Any CPU
		{B1C56593-25D3-44EE-8825-D889868C52EE}.Release|Any CPU.Build.0 = Release|Any CPU
		{804DA8C1-E467-4EF7-B676-0D54E9547CF6}.Debug|Any CPU.ActiveCfg = Debug|Any CPU
		{804DA8C1-E467-4EF7-B676-0D54E9547CF6}.Debug|Any CPU.Build.0 = Debug|Any CPU
		{804DA8C1-E467-4EF7-B676-0D54E9547CF6}.Release|Any CPU.ActiveCfg = Release|Any CPU
		{804DA8C1-E467-4EF7-B676-0D54E9547CF6}.Release|Any CPU.Build.0 = Release|Any CPU
	EndGlobalSection
	GlobalSection(SolutionProperties) = preSolution
		HideSolutionNode = FALSE
	EndGlobalSection
	GlobalSection(ExtensibilityGlobals) = postSolution
		SolutionGuid = {147857FF-EA1E-4058-BDE9-27BB4A45082A}
	EndGlobalSection
EndGlobal
